// !$*UTF8*$!
{
	archiveVersion = 1;
	classes = {
	};
	objectVersion = 50;
	objects = {

/* Begin PBXBuildFile section */
		3B8788FF25513B5E00AE317E /* music.mp4 in Resources */ = {isa = PBXBuildFile; fileRef = 3B8788FE25513B5E00AE317E /* music.mp4 */; };
		490F4EB825481158009E4380 /* hw3_147App.swift in Sources */ = {isa = PBXBuildFile; fileRef = 490F4EB725481158009E4380 /* hw3_147App.swift */; };
		490F4EBA25481158009E4380 /* ContentView.swift in Sources */ = {isa = PBXBuildFile; fileRef = 490F4EB925481158009E4380 /* ContentView.swift */; };
		490F4EBC25481159009E4380 /* Assets.xcassets in Resources */ = {isa = PBXBuildFile; fileRef = 490F4EBB25481159009E4380 /* Assets.xcassets */; };
		490F4EBF25481159009E4380 /* Preview Assets.xcassets in Resources */ = {isa = PBXBuildFile; fileRef = 490F4EBE25481159009E4380 /* Preview Assets.xcassets */; };
		490F4ECA25481159009E4380 /* hw3_147Tests.swift in Sources */ = {isa = PBXBuildFile; fileRef = 490F4EC925481159009E4380 /* hw3_147Tests.swift */; };
		490F4ED525481159009E4380 /* hw3_147UITests.swift in Sources */ = {isa = PBXBuildFile; fileRef = 490F4ED425481159009E4380 /* hw3_147UITests.swift */; };
		490F4EE6254811F9009E4380 /* homePage.swift in Sources */ = {isa = PBXBuildFile; fileRef = 490F4EE5254811F9009E4380 /* homePage.swift */; };
		490F4EEE25484050009E4380 /* showPictureView.swift in Sources */ = {isa = PBXBuildFile; fileRef = 490F4EED25484050009E4380 /* showPictureView.swift */; };
/* End PBXBuildFile section */

/* Begin PBXContainerItemProxy section */
		490F4EC625481159009E4380 /* PBXContainerItemProxy */ = {
			isa = PBXContainerItemProxy;
			containerPortal = 490F4EAC25481158009E4380 /* Project object */;
			proxyType = 1;
			remoteGlobalIDString = 490F4EB325481158009E4380;
			remoteInfo = hw3_147;
		};
		490F4ED125481159009E4380 /* PBXContainerItemProxy */ = {
			isa = PBXContainerItemProxy;
			containerPortal = 490F4EAC25481158009E4380 /* Project object */;
			proxyType = 1;
			remoteGlobalIDString = 490F4EB325481158009E4380;
			remoteInfo = hw3_147;
		};
/* End PBXContainerItemProxy section */

/* Begin PBXFileReference section */
		3B8788FE25513B5E00AE317E /* music.mp4 */ = {isa = PBXFileReference; lastKnownFileType = file; path = music.mp4; sourceTree = "<group>"; };
		490F4EB425481158009E4380 /* hw3_147.app */ = {isa = PBXFileReference; explicitFileType = wrapper.application; includeInIndex = 0; path = hw3_147.app; sourceTree = BUILT_PRODUCTS_DIR; };
		490F4EB725481158009E4380 /* hw3_147App.swift */ = {isa = PBXFileReference; lastKnownFileType = sourcecode.swift; path = hw3_147App.swift; sourceTree = "<group>"; };
		490F4EB925481158009E4380 /* ContentView.swift */ = {isa = PBXFileReference; lastKnownFileType = sourcecode.swift; path = ContentView.swift; sourceTree = "<group>"; };
		490F4EBB25481159009E4380 /* Assets.xcassets */ = {isa = PBXFileReference; lastKnownFileType = folder.assetcatalog; path = Assets.xcassets; sourceTree = "<group>"; };
		490F4EBE25481159009E4380 /* Preview Assets.xcassets */ = {isa = PBXFileReference; lastKnownFileType = folder.assetcatalog; path = "Preview Assets.xcassets"; sourceTree = "<group>"; };
		490F4EC025481159009E4380 /* Info.plist */ = {isa = PBXFileReference; lastKnownFileType = text.plist.xml; path = Info.plist; sourceTree = "<group>"; };
		490F4EC525481159009E4380 /* hw3_147Tests.xctest */ = {isa = PBXFileReference; explicitFileType = wrapper.cfbundle; includeInIndex = 0; path = hw3_147Tests.xctest; sourceTree = BUILT_PRODUCTS_DIR; };
		490F4EC925481159009E4380 /* hw3_147Tests.swift */ = {isa = PBXFileReference; lastKnownFileType = sourcecode.swift; path = hw3_147Tests.swift; sourceTree = "<group>"; };
		490F4ECB25481159009E4380 /* Info.plist */ = {isa = PBXFileReference; lastKnownFileType = text.plist.xml; path = Info.plist; sourceTree = "<group>"; };
		490F4ED025481159009E4380 /* hw3_147UITests.xctest */ = {isa = PBXFileReference; explicitFileType = wrapper.cfbundle; includeInIndex = 0; path = hw3_147UITests.xctest; sourceTree = BUILT_PRODUCTS_DIR; };
		490F4ED425481159009E4380 /* hw3_147UITests.swift */ = {isa = PBXFileReference; lastKnownFileType = sourcecode.swift; path = hw3_147UITests.swift; sourceTree = "<group>"; };
		490F4ED625481159009E4380 /* Info.plist */ = {isa = PBXFileReference; lastKnownFileType = text.plist.xml; path = Info.plist; sourceTree = "<group>"; };
		490F4EE5254811F9009E4380 /* homePage.swift */ = {isa = PBXFileReference; lastKnownFileType = sourcecode.swift; path = homePage.swift; sourceTree = "<group>"; };
		490F4EED25484050009E4380 /* showPictureView.swift */ = {isa = PBXFileReference; lastKnownFileType = sourcecode.swift; path = showPictureView.swift; sourceTree = "<group>"; };
/* End PBXFileReference section */

/* Begin PBXFrameworksBuildPhase section */
		490F4EB125481158009E4380 /* Frameworks */ = {
			isa = PBXFrameworksBuildPhase;
			buildActionMask = 2147483647;
			files = (
			);
			runOnlyForDeploymentPostprocessing = 0;
		};
		490F4EC225481159009E4380 /* Frameworks */ = {
			isa = PBXFrameworksBuildPhase;
			buildActionMask = 2147483647;
			files = (
			);
			runOnlyForDeploymentPostprocessing = 0;
		};
		490F4ECD25481159009E4380 /* Frameworks */ = {
			isa = PBXFrameworksBuildPhase;
			buildActionMask = 2147483647;
			files = (
			);
			runOnlyForDeploymentPostprocessing = 0;
		};
/* End PBXFrameworksBuildPhase section */

/* Begin PBXGroup section */
		490F4EAB25481158009E4380 = {
			isa = PBXGroup;
			children = (
				490F4EB625481158009E4380 /* hw3_147 */,
				490F4EC825481159009E4380 /* hw3_147Tests */,
				490F4ED325481159009E4380 /* hw3_147UITests */,
				490F4EB525481158009E4380 /* Products */,
			);
			sourceTree = "<group>";
		};
		490F4EB525481158009E4380 /* Products */ = {
			isa = PBXGroup;
			children = (
				490F4EB425481158009E4380 /* hw3_147.app */,
				490F4EC525481159009E4380 /* hw3_147Tests.xctest */,
				490F4ED025481159009E4380 /* hw3_147UITests.xctest */,
			);
			name = Products;
			sourceTree = "<group>";
		};
		490F4EB625481158009E4380 /* hw3_147 */ = {
			isa = PBXGroup;
			children = (
				3B8788FE25513B5E00AE317E /* music.mp4 */,
				490F4EB725481158009E4380 /* hw3_147App.swift */,
				490F4EB925481158009E4380 /* ContentView.swift */,
				490F4EE5254811F9009E4380 /* homePage.swift */,
				490F4EED25484050009E4380 /* showPictureView.swift */,
				490F4EBB25481159009E4380 /* Assets.xcassets */,
				490F4EC025481159009E4380 /* Info.plist */,
				490F4EBD25481159009E4380 /* Preview Content */,
			);
			path = hw3_147;
			sourceTree = "<group>";
		};
		490F4EBD25481159009E4380 /* Preview Content */ = {
			isa = PBXGroup;
			children = (
				490F4EBE25481159009E4380 /* Preview Assets.xcassets */,
			);
			path = "Preview Content";
			sourceTree = "<group>";
		};
		490F4EC825481159009E4380 /* hw3_147Tests */ = {
			isa = PBXGroup;
			children = (
				490F4EC925481159009E4380 /* hw3_147Tests.swift */,
				490F4ECB25481159009E4380 /* Info.plist */,
			);
			path = hw3_147Tests;
			sourceTree = "<group>";
		};
		490F4ED325481159009E4380 /* hw3_147UITests */ = {
			isa = PBXGroup;
			children = (
				490F4ED425481159009E4380 /* hw3_147UITests.swift */,
				490F4ED625481159009E4380 /* Info.plist */,
			);
			path = hw3_147UITests;
			sourceTree = "<group>";
		};
/* End PBXGroup section */

/* Begin PBXNativeTarget section */
		490F4EB325481158009E4380 /* hw3_147 */ = {
			isa = PBXNativeTarget;
			buildConfigurationList = 490F4ED925481159009E4380 /* Build configuration list for PBXNativeTarget "hw3_147" */;
			buildPhases = (
				490F4EB025481158009E4380 /* Sources */,
				490F4EB125481158009E4380 /* Frameworks */,
				490F4EB225481158009E4380 /* Resources */,
			);
			buildRules = (
			);
			dependencies = (
			);
			name = hw3_147;
			productName = hw3_147;
			productReference = 490F4EB425481158009E4380 /* hw3_147.app */;
			productType = "com.apple.product-type.application";
		};
		490F4EC425481159009E4380 /* hw3_147Tests */ = {
			isa = PBXNativeTarget;
			buildConfigurationList = 490F4EDC25481159009E4380 /* Build configuration list for PBXNativeTarget "hw3_147Tests" */;
			buildPhases = (
				490F4EC125481159009E4380 /* Sources */,
				490F4EC225481159009E4380 /* Frameworks */,
				490F4EC325481159009E4380 /* Resources */,
			);
			buildRules = (
			);
			dependencies = (
				490F4EC725481159009E4380 /* PBXTargetDependency */,
			);
			name = hw3_147Tests;
			productName = hw3_147Tests;
			productReference = 490F4EC525481159009E4380 /* hw3_147Tests.xctest */;
			productType = "com.apple.product-type.bundle.unit-test";
		};
		490F4ECF25481159009E4380 /* hw3_147UITests */ = {
			isa = PBXNativeTarget;
			buildConfigurationList = 490F4EDF25481159009E4380 /* Build configuration list for PBXNativeTarget "hw3_147UITests" */;
			buildPhases = (
				490F4ECC25481159009E4380 /* Sources */,
				490F4ECD25481159009E4380 /* Frameworks */,
				490F4ECE25481159009E4380 /* Resources */,
			);
			buildRules = (
			);
			dependencies = (
				490F4ED225481159009E4380 /* PBXTargetDependency */,
			);
			name = hw3_147UITests;
			productName = hw3_147UITests;
			productReference = 490F4ED025481159009E4380 /* hw3_147UITests.xctest */;
			productType = "com.apple.product-type.bundle.ui-testing";
		};
/* End PBXNativeTarget section */

/* Begin PBXProject section */
		490F4EAC25481158009E4380 /* Project object */ = {
			isa = PBXProject;
			attributes = {
				LastSwiftUpdateCheck = 1210;
				LastUpgradeCheck = 1210;
				TargetAttributes = {
					490F4EB325481158009E4380 = {
						CreatedOnToolsVersion = 12.1;
					};
					490F4EC425481159009E4380 = {
						CreatedOnToolsVersion = 12.1;
						TestTargetID = 490F4EB325481158009E4380;
					};
					490F4ECF25481159009E4380 = {
						CreatedOnToolsVersion = 12.1;
						TestTargetID = 490F4EB325481158009E4380;
					};
				};
			};
			buildConfigurationList = 490F4EAF25481158009E4380 /* Build configuration list for PBXProject "hw3_147" */;
			compatibilityVersion = "Xcode 9.3";
			developmentRegion = en;
			hasScannedForEncodings = 0;
			knownRegions = (
				en,
				Base,
			);
			mainGroup = 490F4EAB25481158009E4380;
			productRefGroup = 490F4EB525481158009E4380 /* Products */;
			projectDirPath = "";
			projectRoot = "";
			targets = (
				490F4EB325481158009E4380 /* hw3_147 */,
				490F4EC425481159009E4380 /* hw3_147Tests */,
				490F4ECF25481159009E4380 /* hw3_147UITests */,
			);
		};
/* End PBXProject section */

/* Begin PBXResourcesBuildPhase section */
		490F4EB225481158009E4380 /* Resources */ = {
			isa = PBXResourcesBuildPhase;
			buildActionMask = 2147483647;
			files = (
				490F4EBF25481159009E4380 /* Preview Assets.xcassets in Resources */,
				490F4EBC25481159009E4380 /* Assets.xcassets in Resources */,
				3B8788FF25513B5E00AE317E /* music.mp4 in Resources */,
			);
			runOnlyForDeploymentPostprocessing = 0;
		};
		490F4EC325481159009E4380 /* Resources */ = {
			isa = PBXResourcesBuildPhase;
			buildActionMask = 2147483647;
			files = (
			);
			runOnlyForDeploymentPostprocessing = 0;
		};
		490F4ECE25481159009E4380 /* Resources */ = {
			isa = PBXResourcesBuildPhase;
			buildActionMask = 2147483647;
			files = (
			);
			runOnlyForDeploymentPostprocessing = 0;
		};
/* End PBXResourcesBuildPhase section */

/* Begin PBXSourcesBuildPhase section */
		490F4EB025481158009E4380 /* Sources */ = {
			isa = PBXSourcesBuildPhase;
			buildActionMask = 2147483647;
			files = (
				490F4EEE25484050009E4380 /* showPictureView.swift in Sources */,
				490F4EE6254811F9009E4380 /* homePage.swift in Sources */,
				490F4EBA25481158009E4380 /* ContentView.swift in Sources */,
				490F4EB825481158009E4380 /* hw3_147App.swift in Sources */,
			);
			runOnlyForDeploymentPostprocessing = 0;
		};
		490F4EC125481159009E4380 /* Sources */ = {
			isa = PBXSourcesBuildPhase;
			buildActionMask = 2147483647;
			files = (
				490F4ECA25481159009E4380 /* hw3_147Tests.swift in Sources */,
			);
			runOnlyForDeploymentPostprocessing = 0;
		};
		490F4ECC25481159009E4380 /* Sources */ = {
			isa = PBXSourcesBuildPhase;
			buildActionMask = 2147483647;
			files = (
				490F4ED525481159009E4380 /* hw3_147UITests.swift in Sources */,
			);
			runOnlyForDeploymentPostprocessing = 0;
		};
/* End PBXSourcesBuildPhase section */

/* Begin PBXTargetDependency section */
		490F4EC725481159009E4380 /* PBXTargetDependency */ = {
			isa = PBXTargetDependency;
			target = 490F4EB325481158009E4380 /* hw3_147 */;
			targetProxy = 490F4EC625481159009E4380 /* PBXContainerItemProxy */;
		};
		490F4ED225481159009E4380 /* PBXTargetDependency */ = {
			isa = PBXTargetDependency;
			target = 490F4EB325481158009E4380 /* hw3_147 */;
			targetProxy = 490F4ED125481159009E4380 /* PBXContainerItemProxy */;
		};
/* End PBXTargetDependency section */

/* Begin XCBuildConfiguration section */
		490F4ED725481159009E4380 /* Debug */ = {
			isa = XCBuildConfiguration;
			buildSettings = {
				ALWAYS_SEARCH_USER_PATHS = NO;
				CLANG_ANALYZER_NONNULL = YES;
				CLANG_ANALYZER_NUMBER_OBJECT_CONVERSION = YES_AGGRESSIVE;
				CLANG_CXX_LANGUAGE_STANDARD = "gnu++14";
				CLANG_CXX_LIBRARY = "libc++";
				CLANG_ENABLE_MODULES = YES;
				CLANG_ENABLE_OBJC_ARC = YES;
				CLANG_ENABLE_OBJC_WEAK = YES;
				CLANG_WARN_BLOCK_CAPTURE_AUTORELEASING = YES;
				CLANG_WARN_BOOL_CONVERSION = YES;
				CLANG_WARN_COMMA = YES;
				CLANG_WARN_CONSTANT_CONVERSION = YES;
				CLANG_WARN_DEPRECATED_OBJC_IMPLEMENTATIONS = YES;
				CLANG_WARN_DIRECT_OBJC_ISA_USAGE = YES_ERROR;
				CLANG_WARN_DOCUMENTATION_COMMENTS = YES;
				CLANG_WARN_EMPTY_BODY = YES;
				CLANG_WARN_ENUM_CONVERSION = YES;
				CLANG_WARN_INFINITE_RECURSION = YES;
				CLANG_WARN_INT_CONVERSION = YES;
				CLANG_WARN_NON_LITERAL_NULL_CONVERSION = YES;
				CLANG_WARN_OBJC_IMPLICIT_RETAIN_SELF = YES;
				CLANG_WARN_OBJC_LITERAL_CONVERSION = YES;
				CLANG_WARN_OBJC_ROOT_CLASS = YES_ERROR;
				CLANG_WARN_QUOTED_INCLUDE_IN_FRAMEWORK_HEADER = YES;
				CLANG_WARN_RANGE_LOOP_ANALYSIS = YES;
				CLANG_WARN_STRICT_PROTOTYPES = YES;
				CLANG_WARN_SUSPICIOUS_MOVE = YES;
				CLANG_WARN_UNGUARDED_AVAILABILITY = YES_AGGRESSIVE;
				CLANG_WARN_UNREACHABLE_CODE = YES;
				CLANG_WARN__DUPLICATE_METHOD_MATCH = YES;
				COPY_PHASE_STRIP = NO;
				DEBUG_INFORMATION_FORMAT = dwarf;
				ENABLE_STRICT_OBJC_MSGSEND = YES;
				ENABLE_TESTABILITY = YES;
				GCC_C_LANGUAGE_STANDARD = gnu11;
				GCC_DYNAMIC_NO_PIC = NO;
				GCC_NO_COMMON_BLOCKS = YES;
				GCC_OPTIMIZATION_LEVEL = 0;
				GCC_PREPROCESSOR_DEFINITIONS = (
					"DEBUG=1",
					"$(inherited)",
				);
				GCC_WARN_64_TO_32_BIT_CONVERSION = YES;
				GCC_WARN_ABOUT_RETURN_TYPE = YES_ERROR;
				GCC_WARN_UNDECLARED_SELECTOR = YES;
				GCC_WARN_UNINITIALIZED_AUTOS = YES_AGGRESSIVE;
				GCC_WARN_UNUSED_FUNCTION = YES;
				GCC_WARN_UNUSED_VARIABLE = YES;
				IPHONEOS_DEPLOYMENT_TARGET = 14.1;
				MTL_ENABLE_DEBUG_INFO = INCLUDE_SOURCE;
				MTL_FAST_MATH = YES;
				ONLY_ACTIVE_ARCH = YES;
				SDKROOT = iphoneos;
				SWIFT_ACTIVE_COMPILATION_CONDITIONS = DEBUG;
				SWIFT_OPTIMIZATION_LEVEL = "-Onone";
			};
			name = Debug;
		};
		490F4ED825481159009E4380 /* Release */ = {
			isa = XCBuildConfiguration;
			buildSettings = {
				ALWAYS_SEARCH_USER_PATHS = NO;
				CLANG_ANALYZER_NONNULL = YES;
				CLANG_ANALYZER_NUMBER_OBJECT_CONVERSION = YES_AGGRESSIVE;
				CLANG_CXX_LANGUAGE_STANDARD = "gnu++14";
				CLANG_CXX_LIBRARY = "libc++";
				CLANG_ENABLE_MODULES = YES;
				CLANG_ENABLE_OBJC_ARC = YES;
				CLANG_ENABLE_OBJC_WEAK = YES;
				CLANG_WARN_BLOCK_CAPTURE_AUTORELEASING = YES;
				CLANG_WARN_BOOL_CONVERSION = YES;
				CLANG_WARN_COMMA = YES;
				CLANG_WARN_CONSTANT_CONVERSION = YES;
				CLANG_WARN_DEPRECATED_OBJC_IMPLEMENTATIONS = YES;
				CLANG_WARN_DIRECT_OBJC_ISA_USAGE = YES_ERROR;
				CLANG_WARN_DOCUMENTATION_COMMENTS = YES;
				CLANG_WARN_EMPTY_BODY = YES;
				CLANG_WARN_ENUM_CONVERSION = YES;
				CLANG_WARN_INFINITE_RECURSION = YES;
				CLANG_WARN_INT_CONVERSION = YES;
				CLANG_WARN_NON_LITERAL_NULL_CONVERSION = YES;
				CLANG_WARN_OBJC_IMPLICIT_RETAIN_SELF = YES;
				CLANG_WARN_OBJC_LITERAL_CONVERSION = YES;
				CLANG_WARN_OBJC_ROOT_CLASS = YES_ERROR;
				CLANG_WARN_QUOTED_INCLUDE_IN_FRAMEWORK_HEADER = YES;
				CLANG_WARN_RANGE_LOOP_ANALYSIS = YES;
				CLANG_WARN_STRICT_PROTOTYPES = YES;
				CLANG_WARN_SUSPICIOUS_MOVE = YES;
				CLANG_WARN_UNGUARDED_AVAILABILITY = YES_AGGRESSIVE;
				CLANG_WARN_UNREACHABLE_CODE = YES;
				CLANG_WARN__DUPLICATE_METHOD_MATCH = YES;
				COPY_PHASE_STRIP = NO;
				DEBUG_INFORMATION_FORMAT = "dwarf-with-dsym";
				ENABLE_NS_ASSERTIONS = NO;
				ENABLE_STRICT_OBJC_MSGSEND = YES;
				GCC_C_LANGUAGE_STANDARD = gnu11;
				GCC_NO_COMMON_BLOCKS = YES;
				GCC_WARN_64_TO_32_BIT_CONVERSION = YES;
				GCC_WARN_ABOUT_RETURN_TYPE = YES_ERROR;
				GCC_WARN_UNDECLARED_SELECTOR = YES;
				GCC_WARN_UNINITIALIZED_AUTOS = YES_AGGRESSIVE;
				GCC_WARN_UNUSED_FUNCTION = YES;
				GCC_WARN_UNUSED_VARIABLE = YES;
				IPHONEOS_DEPLOYMENT_TARGET = 14.1;
				MTL_ENABLE_DEBUG_INFO = NO;
				MTL_FAST_MATH = YES;
				SDKROOT = iphoneos;
				SWIFT_COMPILATION_MODE = wholemodule;
				SWIFT_OPTIMIZATION_LEVEL = "-O";
				VALIDATE_PRODUCT = YES;
			};
			name = Release;
		};
		490F4EDA25481159009E4380 /* Debug */ = {
			isa = XCBuildConfiguration;
			buildSettings = {
				ASSETCATALOG_COMPILER_APPICON_NAME = AppIcon;
				ASSETCATALOG_COMPILER_GLOBAL_ACCENT_COLOR_NAME = AccentColor;
				CODE_SIGN_STYLE = Automatic;
				DEVELOPMENT_ASSET_PATHS = "\"hw3_147/Preview Content\"";
				ENABLE_PREVIEWS = YES;
				INFOPLIST_FILE = hw3_147/Info.plist;
				IPHONEOS_DEPLOYMENT_TARGET = 14.0;
				LD_RUNPATH_SEARCH_PATHS = (
					"$(inherited)",
					"@executable_path/Frameworks",
				);
				PRODUCT_BUNDLE_IDENTIFIER = "lin1999.hw3-147";
				PRODUCT_NAME = "$(TARGET_NAME)";
				SWIFT_VERSION = 5.0;
				TARGETED_DEVICE_FAMILY = "1,2";
			};
			name = Debug;
		};
		490F4EDB25481159009E4380 /* Release */ = {
			isa = XCBuildConfiguration;
			buildSettings = {
				ASSETCATALOG_COMPILER_APPICON_NAME = AppIcon;
				ASSETCATALOG_COMPILER_GLOBAL_ACCENT_COLOR_NAME = AccentColor;
				CODE_SIGN_STYLE = Automatic;
				DEVELOPMENT_ASSET_PATHS = "\"hw3_147/Preview Content\"";
				ENABLE_PREVIEWS = YES;
				INFOPLIST_FILE = hw3_147/Info.plist;
				IPHONEOS_DEPLOYMENT_TARGET = 14.0;
				LD_RUNPATH_SEARCH_PATHS = (
					"$(inherited)",
					"@executable_path/Frameworks",
				);
				PRODUCT_BUNDLE_IDENTIFIER = "lin1999.hw3-147";
				PRODUCT_NAME = "$(TARGET_NAME)";
				SWIFT_VERSION = 5.0;
				TARGETED_DEVICE_FAMILY = "1,2";
			};
			name = Release;
		};
		490F4EDD25481159009E4380 /* Debug */ = {
			isa = XCBuildConfiguration;
			buildSettings = {
				ALWAYS_EMBED_SWIFT_STANDARD_LIBRARIES = YES;
				BUNDLE_LOADER = "$(TEST_HOST)";
				CODE_SIGN_STYLE = Automatic;
				INFOPLIST_FILE = hw3_147Tests/Info.plist;
				IPHONEOS_DEPLOYMENT_TARGET = 14.0;
				LD_RUNPATH_SEARCH_PATHS = (
					"$(inherited)",
					"@executable_path/Frameworks",
					"@loader_path/Frameworks",
				);
				PRODUCT_BUNDLE_IDENTIFIER = "lin1999.hw3-147Tests";
				PRODUCT_NAME = "$(TARGET_NAME)";
				SWIFT_VERSION = 5.0;
				TARGETED_DEVICE_FAMILY = "1,2";
				TEST_HOST = "$(BUILT_PRODUCTS_DIR)/hw3_147.app/hw3_147";
			};
			name = Debug;
		};
		490F4EDE25481159009E4380 /* Release */ = {
			isa = XCBuildConfiguration;
			buildSettings = {
				ALWAYS_EMBED_SWIFT_STANDARD_LIBRARIES = YES;
				BUNDLE_LOADER = "$(TEST_HOST)";
				CODE_SIGN_STYLE = Automatic;
				INFOPLIST_FILE = hw3_147Tests/Info.plist;
				IPHONEOS_DEPLOYMENT_TARGET = 14.0;
				LD_RUNPATH_SEARCH_PATHS = (
					"$(inherited)",
					"@executable_path/Frameworks",
					"@loader_path/Frameworks",
				);
				PRODUCT_BUNDLE_IDENTIFIER = "lin1999.hw3-147Tests";
				PRODUCT_NAME = "$(TARGET_NAME)";
				SWIFT_VERSION = 5.0;
				TARGETED_DEVICE_FAMILY = "1,2";
				TEST_HOST = "$(BUILT_PRODUCTS_DIR)/hw3_147.app/hw3_147";
			};
			name = Release;
		};
		490F4EE025481159009E4380 /* Debug */ = {
			isa = XCBuildConfiguration;
			buildSettings = {
				ALWAYS_EMBED_SWIFT_STANDARD_LIBRARIES = YES;
				CODE_SIGN_STYLE = Automatic;
				INFOPLIST_FILE = hw3_147UITests/Info.plist;
				LD_RUNPATH_SEARCH_PATHS = (
					"$(inherited)",
					"@executable_path/Frameworks",
					"@loader_path/Frameworks",
				);
				PRODUCT_BUNDLE_IDENTIFIER = "lin1999.hw3-147UITests";
				PRODUCT_NAME = "$(TARGET_NAME)";
				SWIFT_VERSION = 5.0;
				TARGETED_DEVICE_FAMILY = "1,2";
				TEST_TARGET_NAME = hw3_147;
			};
			name = Debug;
		};
		490F4EE125481159009E4380 /* Release */ = {
			isa = XCBuildConfiguration;
			buildSettings = {
				ALWAYS_EMBED_SWIFT_STANDARD_LIBRARIES = YES;
				CODE_SIGN_STYLE = Automatic;
				INFOPLIST_FILE = hw3_147UITests/Info.plist;
				LD_RUNPATH_SEARCH_PATHS = (
					"$(inherited)",
					"@executable_path/Frameworks",
					"@loader_path/Frameworks",
				);
				PRODUCT_BUNDLE_IDENTIFIER = "lin1999.hw3-147UITests";
				PRODUCT_NAME = "$(TARGET_NAME)";
				SWIFT_VERSION = 5.0;
				TARGETED_DEVICE_FAMILY = "1,2";
				TEST_TARGET_NAME = hw3_147;
			};
			name = Release;
		};
/* End XCBuildConfiguration section */

/* Begin XCConfigurationList section */
		490F4EAF25481158009E4380 /* Build configuration list for PBXProject "hw3_147" */ = {
			isa = XCConfigurationList;
			buildConfigurations = (
				490F4ED725481159009E4380 /* Debug */,
				490F4ED825481159009E4380 /* Release */,
			);
			defaultConfigurationIsVisible = 0;
			defaultConfigurationName = Release;
		};
		490F4ED925481159009E4380 /* Build configuration list for PBXNativeTarget "hw3_147" */ = {
			isa = XCConfigurationList;
			buildConfigurations = (
				490F4EDA25481159009E4380 /* Debug */,
				490F4EDB25481159009E4380 /* Release */,
			);
			defaultConfigurationIsVisible = 0;
			defaultConfigurationName = Release;
		};
		490F4EDC25481159009E4380 /* Build configuration list for PBXNativeTarget "hw3_147Tests" */ = {
			isa = XCConfigurationList;
			buildConfigurations = (
				490F4EDD25481159009E4380 /* Debug */,
				490F4EDE25481159009E4380 /* Release */,
			);
			defaultConfigurationIsVisible = 0;
			defaultConfigurationName = Release;
		};
		490F4EDF25481159009E4380 /* Build configuration list for PBXNativeTarget "hw3_147UITests" */ = {
			isa = XCConfigurationList;
			buildConfigurations = (
				490F4EE025481159009E4380 /* Debug */,
				490F4EE125481159009E4380 /* Release */,
			);
			defaultConfigurationIsVisible = 0;
			defaultConfigurationName = Release;
		};
/* End XCConfigurationList section */
	};
	rootObject = 490F4EAC25481158009E4380 /* Project object */;
}
